
Microsoft Visual Studio Solution File, Format Version 12.00
# Visual Studio Version 16
VisualStudioVersion = 16.0.32929.386
MinimumVisualStudioVersion = 10.0.40219.1
Project("{FAE04EC0-301F-11D3-BF4B-00C04F79EFBC}") = "XNote-ng", "XNote-ng.csproj", "{C6F70E36-CC64-4BC3-93C3-3A31320DED2B}"
EndProject
Global
	GlobalSection(SolutionConfigurationPlatforms) = preSolution
		Debug|Any CPU = Debug|Any CPU
		Release|Any CPU = Release|Any CPU
	EndGlobalSection
	GlobalSection(ProjectConfigurationPlatforms) = postSolution
		{C6F70E36-CC64-4BC3-93C3-3A31320DED2B}.Debug|Any CPU.ActiveCfg = Debug|Any CPU
		{C6F70E36-CC64-4BC3-93C3-3A31320DED2B}.Debug|Any CPU.Build.0 = Debug|Any CPU
		{C6F70E36-CC64-4BC3-93C3-3A31320DED2B}.Release|Any CPU.ActiveCfg = Release|Any CPU
		{C6F70E36-CC64-4BC3-93C3-3A31320DED2B}.Release|Any CPU.Build.0 = Release|Any CPU
	EndGlobalSection
	GlobalSection(SolutionProperties) = preSolution
		HideSolutionNode = FALSE
	EndGlobalSection
	GlobalSection(ExtensibilityGlobals) = postSolution
		SolutionGuid = {A482D84D-515C-47F7-93D4-272F77172AAC}
	EndGlobalSection
EndGlobal
